// !$*UTF8*$!
{
	archiveVersion = 1;
	classes = {
	};
	objectVersion = 46;
	objects = {

/* Begin PBXBuildFile section */
		0E8AE6221EAB92010013D399 /* YKCycleScrollView.m in Sources */ = {isa = PBXBuildFile; fileRef = 0E8AE6211EAB92010013D399 /* YKCycleScrollView.m */; };
		5C4299551EA9151500997585 /* main.m in Sources */ = {isa = PBXBuildFile; fileRef = 5C4299541EA9151500997585 /* main.m */; };
		5C4299581EA9151500997585 /* AppDelegate.m in Sources */ = {isa = PBXBuildFile; fileRef = 5C4299571EA9151500997585 /* AppDelegate.m */; };
		5C42995B1EA9151500997585 /* ViewController.m in Sources */ = {isa = PBXBuildFile; fileRef = 5C42995A1EA9151500997585 /* ViewController.m */; };
		5C42995E1EA9151500997585 /* Main.storyboard in Resources */ = {isa = PBXBuildFile; fileRef = 5C42995C1EA9151500997585 /* Main.storyboard */; };
		5C4299601EA9151500997585 /* Assets.xcassets in Resources */ = {isa = PBXBuildFile; fileRef = 5C42995F1EA9151500997585 /* Assets.xcassets */; };
		5C4299631EA9151500997585 /* LaunchScreen.storyboard in Resources */ = {isa = PBXBuildFile; fileRef = 5C4299611EA9151500997585 /* LaunchScreen.storyboard */; };
		9083A77B0A1AB0165A240AA3 /* libPods-YKScroll.a in Frameworks */ = {isa = PBXBuildFile; fileRef = 792335BEFF6F8A1E8EA8C33B /* libPods-YKScroll.a */; };
/* End PBXBuildFile section */

/* Begin PBXFileReference section */
		0E8AE6201EAB92010013D399 /* YKCycleScrollView.h */ = {isa = PBXFileReference; fileEncoding = 4; lastKnownFileType = sourcecode.c.h; path = YKCycleScrollView.h; sourceTree = "<group>"; };
		0E8AE6211EAB92010013D399 /* YKCycleScrollView.m */ = {isa = PBXFileReference; fileEncoding = 4; lastKnownFileType = sourcecode.c.objc; path = YKCycleScrollView.m; sourceTree = "<group>"; };
		38980DE3827A01B48A825075 /* Pods-YKScroll.release.xcconfig */ = {isa = PBXFileReference; includeInIndex = 1; lastKnownFileType = text.xcconfig; name = "Pods-YKScroll.release.xcconfig"; path = "Pods/Target Support Files/Pods-YKScroll/Pods-YKScroll.release.xcconfig"; sourceTree = "<group>"; };
		5C4299501EA9151500997585 /* YKScroll.app */ = {isa = PBXFileReference; explicitFileType = wrapper.application; includeInIndex = 0; path = YKScroll.app; sourceTree = BUILT_PRODUCTS_DIR; };
		5C4299541EA9151500997585 /* main.m */ = {isa = PBXFileReference; lastKnownFileType = sourcecode.c.objc; path = main.m; sourceTree = "<group>"; };
		5C4299561EA9151500997585 /* AppDelegate.h */ = {isa = PBXFileReference; lastKnownFileType = sourcecode.c.h; path = AppDelegate.h; sourceTree = "<group>"; };
		5C4299571EA9151500997585 /* AppDelegate.m */ = {isa = PBXFileReference; lastKnownFileType = sourcecode.c.objc; path = AppDelegate.m; sourceTree = "<group>"; };
		5C4299591EA9151500997585 /* ViewController.h */ = {isa = PBXFileReference; lastKnownFileType = sourcecode.c.h; path = ViewController.h; sourceTree = "<group>"; };
		5C42995A1EA9151500997585 /* ViewController.m */ = {isa = PBXFileReference; lastKnownFileType = sourcecode.c.objc; path = ViewController.m; sourceTree = "<group>"; };
		5C42995D1EA9151500997585 /* Base */ = {isa = PBXFileReference; lastKnownFileType = file.storyboard; name = Base; path = Base.lproj/Main.storyboard; sourceTree = "<group>"; };
		5C42995F1EA9151500997585 /* Assets.xcassets */ = {isa = PBXFileReference; lastKnownFileType = folder.assetcatalog; path = Assets.xcassets; sourceTree = "<group>"; };
		5C4299621EA9151500997585 /* Base */ = {isa = PBXFileReference; lastKnownFileType = file.storyboard; name = Base; path = Base.lproj/LaunchScreen.storyboard; sourceTree = "<group>"; };
		5C4299641EA9151500997585 /* Info.plist */ = {isa = PBXFileReference; lastKnownFileType = text.plist.xml; path = Info.plist; sourceTree = "<group>"; };
		792335BEFF6F8A1E8EA8C33B /* libPods-YKScroll.a */ = {isa = PBXFileReference; explicitFileType = archive.ar; includeInIndex = 0; path = "libPods-YKScroll.a"; sourceTree = BUILT_PRODUCTS_DIR; };
		94EEC12626BBCCCC19A0F5DC /* Pods-YKScroll.debug.xcconfig */ = {isa = PBXFileReference; includeInIndex = 1; lastKnownFileType = text.xcconfig; name = "Pods-YKScroll.debug.xcconfig"; path = "Pods/Target Support Files/Pods-YKScroll/Pods-YKScroll.debug.xcconfig"; sourceTree = "<group>"; };
/* End PBXFileReference section */

/* Begin PBXFrameworksBuildPhase section */
		5C42994D1EA9151500997585 /* Frameworks */ = {
			isa = PBXFrameworksBuildPhase;
			buildActionMask = 2147483647;
			files = (
				9083A77B0A1AB0165A240AA3 /* libPods-YKScroll.a in Frameworks */,
			);
			runOnlyForDeploymentPostprocessing = 0;
		};
/* End PBXFrameworksBuildPhase section */

/* Begin PBXGroup section */
		5C4299471EA9151500997585 = {
			isa = PBXGroup;
			children = (
				5C4299521EA9151500997585 /* YKScroll */,
				5C4299511EA9151500997585 /* Products */,
				9B47502DEDB81F839E5BF12B /* Pods */,
				C8F6EA3B6EA6A3FBB4D29B18 /* Frameworks */,
			);
			sourceTree = "<group>";
		};
		5C4299511EA9151500997585 /* Products */ = {
			isa = PBXGroup;
			children = (
				5C4299501EA9151500997585 /* YKScroll.app */,
			);
			name = Products;
			sourceTree = "<group>";
		};
		5C4299521EA9151500997585 /* YKScroll */ = {
			isa = PBXGroup;
			children = (
				5C4299561EA9151500997585 /* AppDelegate.h */,
				5C4299571EA9151500997585 /* AppDelegate.m */,
				0E8AE6201EAB92010013D399 /* YKCycleScrollView.h */,
				0E8AE6211EAB92010013D399 /* YKCycleScrollView.m */,
				5C4299591EA9151500997585 /* ViewController.h */,
				5C42995A1EA9151500997585 /* ViewController.m */,
				5C42995C1EA9151500997585 /* Main.storyboard */,
				5C42995F1EA9151500997585 /* Assets.xcassets */,
				5C4299611EA9151500997585 /* LaunchScreen.storyboard */,
				5C4299641EA9151500997585 /* Info.plist */,
				5C4299531EA9151500997585 /* Supporting Files */,
			);
			path = YKScroll;
			sourceTree = "<group>";
		};
		5C4299531EA9151500997585 /* Supporting Files */ = {
			isa = PBXGroup;
			children = (
				5C4299541EA9151500997585 /* main.m */,
			);
			name = "Supporting Files";
			sourceTree = "<group>";
		};
		9B47502DEDB81F839E5BF12B /* Pods */ = {
			isa = PBXGroup;
			children = (
				94EEC12626BBCCCC19A0F5DC /* Pods-YKScroll.debug.xcconfig */,
				38980DE3827A01B48A825075 /* Pods-YKScroll.release.xcconfig */,
			);
			name = Pods;
			sourceTree = "<group>";
		};
		C8F6EA3B6EA6A3FBB4D29B18 /* Frameworks */ = {
			isa = PBXGroup;
			children = (
				792335BEFF6F8A1E8EA8C33B /* libPods-YKScroll.a */,
			);
			name = Frameworks;
			sourceTree = "<group>";
		};
/* End PBXGroup section */

/* Begin PBXNativeTarget section */
		5C42994F1EA9151500997585 /* YKScroll */ = {
			isa = PBXNativeTarget;
			buildConfigurationList = 5C4299671EA9151500997585 /* Build configuration list for PBXNativeTarget "YKScroll" */;
			buildPhases = (
				AC8B68DB78B8FEE811E24A73 /* [CP] Check Pods Manifest.lock */,
				5C42994C1EA9151500997585 /* Sources */,
				5C42994D1EA9151500997585 /* Frameworks */,
				5C42994E1EA9151500997585 /* Resources */,
				7BAE78A00A9601EC3B94342E /* [CP] Embed Pods Frameworks */,
				F7D3457267AB03F3C7C40D12 /* [CP] Copy Pods Resources */,
			);
			buildRules = (
			);
			dependencies = (
			);
			name = YKScroll;
			productName = YKScroll;
			productReference = 5C4299501EA9151500997585 /* YKScroll.app */;
			productType = "com.apple.product-type.application";
		};
/* End PBXNativeTarget section */

/* Begin PBXProject section */
		5C4299481EA9151500997585 /* Project object */ = {
			isa = PBXProject;
			attributes = {
				LastUpgradeCheck = 0830;
				ORGANIZATIONNAME = YKDog;
				TargetAttributes = {
					5C42994F1EA9151500997585 = {
						CreatedOnToolsVersion = 8.3.1;
						ProvisioningStyle = Automatic;
					};
				};
			};
			buildConfigurationList = 5C42994B1EA9151500997585 /* Build configuration list for PBXProject "YKScroll" */;
			compatibilityVersion = "Xcode 3.2";
			developmentRegion = English;
			hasScannedForEncodings = 0;
			knownRegions = (
				en,
				Base,
			);
			mainGroup = 5C4299471EA9151500997585;
			productRefGroup = 5C4299511EA9151500997585 /* Products */;
			projectDirPath = "";
			projectRoot = "";
			targets = (
				5C42994F1EA9151500997585 /* YKScroll */,
			);
		};
/* End PBXProject section */

/* Begin PBXResourcesBuildPhase section */
		5C42994E1EA9151500997585 /* Resources */ = {
			isa = PBXResourcesBuildPhase;
			buildActionMask = 2147483647;
			files = (
				5C4299631EA9151500997585 /* LaunchScreen.storyboard in Resources */,
				5C4299601EA9151500997585 /* Assets.xcassets in Resources */,
				5C42995E1EA9151500997585 /* Main.storyboard in Resources */,
			);
			runOnlyForDeploymentPostprocessing = 0;
		};
/* End PBXResourcesBuildPhase section */

/* Begin PBXShellScriptBuildPhase section */
		7BAE78A00A9601EC3B94342E /* [CP] Embed Pods Frameworks */ = {
			isa = PBXShellScriptBuildPhase;
			buildActionMask = 2147483647;
			files = (
			);
			inputPaths = (
			);
			name = "[CP] Embed Pods Frameworks";
			outputPaths = (
			);
			runOnlyForDeploymentPostprocessing = 0;
			shellPath = /bin/sh;
			shellScript = "\"${SRCROOT}/Pods/Target Support Files/Pods-YKScroll/Pods-YKScroll-frameworks.sh\"\n";
			showEnvVarsInLog = 0;
		};
		AC8B68DB78B8FEE811E24A73 /* [CP] Check Pods Manifest.lock */ = {
			isa = PBXShellScriptBuildPhase;
			buildActionMask = 2147483647;
			files = (
			);
			inputPaths = (
			);
			name = "[CP] Check Pods Manifest.lock";
			outputPaths = (
			);
			runOnlyForDeploymentPostprocessing = 0;
			shellPath = /bin/sh;
			shellScript = "diff \"${PODS_ROOT}/../Podfile.lock\" \"${PODS_ROOT}/Manifest.lock\" > /dev/null\nif [ $? != 0 ] ; then\n    # print error to STDERR\n    echo \"error: The sandbox is not in sync with the Podfile.lock. Run 'pod install' or update your CocoaPods installation.\" >&2\n    exit 1\nfi\n";
			showEnvVarsInLog = 0;
		};
		F7D3457267AB03F3C7C40D12 /* [CP] Copy Pods Resources */ = {
			isa = PBXShellScriptBuildPhase;
			buildActionMask = 2147483647;
			files = (
			);
			inputPaths = (
			);
			name = "[CP] Copy Pods Resources";
			outputPaths = (
			);
			runOnlyForDeploymentPostprocessing = 0;
			shellPath = /bin/sh;
			shellScript = "\"${SRCROOT}/Pods/Target Support Files/Pods-YKScroll/Pods-YKScroll-resources.sh\"\n";
			showEnvVarsInLog = 0;
		};
/* End PBXShellScriptBuildPhase section */

/* Begin PBXSourcesBuildPhase section */
		5C42994C1EA9151500997585 /* Sources */ = {
			isa = PBXSourcesBuildPhase;
			buildActionMask = 2147483647;
			files = (
				0E8AE6221EAB92010013D399 /* YKCycleScrollView.m in Sources */,
				5C42995B1EA9151500997585 /* ViewController.m in Sources */,
				5C4299581EA9151500997585 /* AppDelegate.m in Sources */,
				5C4299551EA9151500997585 /* main.m in Sources */,
			);
			runOnlyForDeploymentPostprocessing = 0;
		};
/* End PBXSourcesBuildPhase section */

/* Begin PBXVariantGroup section */
		5C42995C1EA9151500997585 /* Main.storyboard */ = {
			isa = PBXVariantGroup;
			children = (
				5C42995D1EA9151500997585 /* Base */,
			);
			name = Main.storyboard;
			sourceTree = "<group>";
		};
		5C4299611EA9151500997585 /* LaunchScreen.storyboard */ = {
			isa = PBXVariantGroup;
			children = (
				5C4299621EA9151500997585 /* Base */,
			);
			name = LaunchScreen.storyboard;
			sourceTree = "<group>";
		};
/* End PBXVariantGroup section */

/* Begin XCBuildConfiguration section */
		5C4299651EA9151500997585 /* Debug */ = {
			isa = XCBuildConfiguration;
			buildSettings = {
				ALWAYS_SEARCH_USER_PATHS = NO;
				CLANG_ANALYZER_NONNULL = YES;
				CLANG_ANALYZER_NUMBER_OBJECT_CONVERSION = YES_AGGRESSIVE;
				CLANG_CXX_LANGUAGE_STANDARD = "gnu++0x";
				CLANG_CXX_LIBRARY = "libc++";
				CLANG_ENABLE_MODULES = YES;
				CLANG_ENABLE_OBJC_ARC = YES;
				CLANG_WARN_BOOL_CONVERSION = YES;
				CLANG_WARN_CONSTANT_CONVERSION = YES;
				CLANG_WARN_DIRECT_OBJC_ISA_USAGE = YES_ERROR;
				CLANG_WARN_DOCUMENTATION_COMMENTS = YES;
				CLANG_WARN_EMPTY_BODY = YES;
				CLANG_WARN_ENUM_CONVERSION = YES;
				CLANG_WARN_INFINITE_RECURSION = YES;
				CLANG_WARN_INT_CONVERSION = YES;
				CLANG_WARN_OBJC_ROOT_CLASS = YES_ERROR;
				CLANG_WARN_SUSPICIOUS_MOVE = YES;
				CLANG_WARN_UNREACHABLE_CODE = YES;
				CLANG_WARN__DUPLICATE_METHOD_MATCH = YES;
				"CODE_SIGN_IDENTITY[sdk=iphoneos*]" = "iPhone Developer";
				COPY_PHASE_STRIP = NO;
				DEBUG_INFORMATION_FORMAT = dwarf;
				ENABLE_STRICT_OBJC_MSGSEND = YES;
				ENABLE_TESTABILITY = YES;
				GCC_C_LANGUAGE_STANDARD = gnu99;
				GCC_DYNAMIC_NO_PIC = NO;
				GCC_NO_COMMON_BLOCKS = YES;
				GCC_OPTIMIZATION_LEVEL = 0;
				GCC_PREPROCESSOR_DEFINITIONS = (
					"DEBUG=1",
					"$(inherited)",
				);
				GCC_WARN_64_TO_32_BIT_CONVERSION = YES;
				GCC_WARN_ABOUT_RETURN_TYPE = YES_ERROR;
				GCC_WARN_UNDECLARED_SELECTOR = YES;
				GCC_WARN_UNINITIALIZED_AUTOS = YES_AGGRESSIVE;
				GCC_WARN_UNUSED_FUNCTION = YES;
				GCC_WARN_UNUSED_VARIABLE = YES;
				IPHONEOS_DEPLOYMENT_TARGET = 10.3;
				MTL_ENABLE_DEBUG_INFO = YES;
				ONLY_ACTIVE_ARCH = YES;
				SDKROOT = iphoneos;
				TARGETED_DEVICE_FAMILY = "1,2";
			};
			name = Debug;
		};
		5C4299661EA9151500997585 /* Release */ = {
			isa = XCBuildConfiguration;
			buildSettings = {
				ALWAYS_SEARCH_USER_PATHS = NO;
				CLANG_ANALYZER_NONNULL = YES;
				CLANG_ANALYZER_NUMBER_OBJECT_CONVERSION = YES_AGGRESSIVE;
				CLANG_CXX_LANGUAGE_STANDARD = "gnu++0x";
				CLANG_CXX_LIBRARY = "libc++";
				CLANG_ENABLE_MODULES = YES;
				CLANG_ENABLE_OBJC_ARC = YES;
				CLANG_WARN_BOOL_CONVERSION = YES;
				CLANG_WARN_CONSTANT_CONVERSION = YES;
				CLANG_WARN_DIRECT_OBJC_ISA_USAGE = YES_ERROR;
				CLANG_WARN_DOCUMENTATION_COMMENTS = YES;
				CLANG_WARN_EMPTY_BODY = YES;
				CLANG_WARN_ENUM_CONVERSION = YES;
				CLANG_WARN_INFINITE_RECURSION = YES;
				CLANG_WARN_INT_CONVERSION = YES;
				CLANG_WARN_OBJC_ROOT_CLASS = YES_ERROR;
				CLANG_WARN_SUSPICIOUS_MOVE = YES;
				CLANG_WARN_UNREACHABLE_CODE = YES;
				CLANG_WARN__DUPLICATE_METHOD_MATCH = YES;
				"CODE_SIGN_IDENTITY[sdk=iphoneos*]" = "iPhone Developer";
				COPY_PHASE_STRIP = NO;
				DEBUG_INFORMATION_FORMAT = "dwarf-with-dsym";
				ENABLE_NS_ASSERTIONS = NO;
				ENABLE_STRICT_OBJC_MSGSEND = YES;
				GCC_C_LANGUAGE_STANDARD = gnu99;
				GCC_NO_COMMON_BLOCKS = YES;
				GCC_WARN_64_TO_32_BIT_CONVERSION = YES;
				GCC_WARN_ABOUT_RETURN_TYPE = YES_ERROR;
				GCC_WARN_UNDECLARED_SELECTOR = YES;
				GCC_WARN_UNINITIALIZED_AUTOS = YES_AGGRESSIVE;
				GCC_WARN_UNUSED_FUNCTION = YES;
				GCC_WARN_UNUSED_VARIABLE = YES;
				IPHONEOS_DEPLOYMENT_TARGET = 10.3;
				MTL_ENABLE_DEBUG_INFO = NO;
				SDKROOT = iphoneos;
				TARGETED_DEVICE_FAMILY = "1,2";
				VALIDATE_PRODUCT = YES;
			};
			name = Release;
		};
		5C4299681EA9151500997585 /* Debug */ = {
			isa = XCBuildConfiguration;
			baseConfigurationReference = 94EEC12626BBCCCC19A0F5DC /* Pods-YKScroll.debug.xcconfig */;
			buildSettings = {
				ASSETCATALOG_COMPILER_APPICON_NAME = AppIcon;
				INFOPLIST_FILE = YKScroll/Info.plist;
				LD_RUNPATH_SEARCH_PATHS = "$(inherited) @executable_path/Frameworks";
				PRODUCT_BUNDLE_IDENTIFIER = NV.YKScroll;
				PRODUCT_NAME = "$(TARGET_NAME)";
			};
			name = Debug;
		};
		5C4299691EA9151500997585 /* Release */ = {
			isa = XCBuildConfiguration;
			baseConfigurationReference = 38980DE3827A01B48A825075 /* Pods-YKScroll.release.xcconfig */;
			buildSettings = {
				ASSETCATALOG_COMPILER_APPICON_NAME = AppIcon;
				INFOPLIST_FILE = YKScroll/Info.plist;
				LD_RUNPATH_SEARCH_PATHS = "$(inherited) @executable_path/Frameworks";
				PRODUCT_BUNDLE_IDENTIFIER = NV.YKScroll;
				PRODUCT_NAME = "$(TARGET_NAME)";
			};
			name = Release;
		};
/* End XCBuildConfiguration section */

/* Begin XCConfigurationList section */
		5C42994B1EA9151500997585 /* Build configuration list for PBXProject "YKScroll" */ = {
			isa = XCConfigurationList;
			buildConfigurations = (
				5C4299651EA9151500997585 /* Debug */,
				5C4299661EA9151500997585 /* Release */,
			);
			defaultConfigurationIsVisible = 0;
			defaultConfigurationName = Release;
		};
		5C4299671EA9151500997585 /* Build configuration list for PBXNativeTarget "YKScroll" */ = {
			isa = XCConfigurationList;
			buildConfigurations = (
				5C4299681EA9151500997585 /* Debug */,
				5C4299691EA9151500997585 /* Release */,
			);
			defaultConfigurationIsVisible = 0;
			defaultConfigurationName = Release;
		};
/* End XCConfigurationList section */
	};
	rootObject = 5C4299481EA9151500997585 /* Project object */;
}
